
Microsoft Visual Studio Solution File, Format Version 12.00
# Visual Studio 2013
VisualStudioVersion = 12.0.21005.1
MinimumVisualStudioVersion = 10.0.40219.1
Project("{FAE04EC0-301F-11D3-BF4B-00C04F79EFBC}") = "BaoDatShop.Common", "BaoDatShop.Common\BaoDatShop.Common.csproj", "{26B69D29-54A6-4617-A9F9-657C32F9FCF1}"
EndProject
Project("{FAE04EC0-301F-11D3-BF4B-00C04F79EFBC}") = "BaoDatShop.Model", "BaoDatShop.Model\BaoDatShop.Model.csproj", "{8C8B22B0-288C-4CA0-A85B-EA5F21A62A92}"
EndProject
Project("{FAE04EC0-301F-11D3-BF4B-00C04F79EFBC}") = "BaoDatShop.Data", "BaoDatShop.Data\BaoDatShop.Data.csproj", "{8ABA4B60-327E-4DF2-A59D-A589CAD371F4}"
EndProject
Project("{FAE04EC0-301F-11D3-BF4B-00C04F79EFBC}") = "BaoDatShop.Service", "BaoDatShop.Service\BaoDatShop.Service.csproj", "{7FA774E9-38BA-4F59-B8A7-F89614B3276D}"
EndProject
Project("{FAE04EC0-301F-11D3-BF4B-00C04F79EFBC}") = "BaoDatShop.UnitTest", "BaoDatShop.UnitTest\BaoDatShop.UnitTest.csproj", "{190E5722-3A65-4473-B0C0-B294BFFA0392}"
EndProject
Project("{FAE04EC0-301F-11D3-BF4B-00C04F79EFBC}") = "BaoDatShop.Web", "BaoDatShop.Web\BaoDatShop.Web.csproj", "{FC767CF6-2FD3-4CEB-8559-AA4EDCDC234C}"
EndProject
Global
	GlobalSection(SolutionConfigurationPlatforms) = preSolution
		Debug|Any CPU = Debug|Any CPU
		Release|Any CPU = Release|Any CPU
	EndGlobalSection
	GlobalSection(ProjectConfigurationPlatforms) = postSolution
		{26B69D29-54A6-4617-A9F9-657C32F9FCF1}.Debug|Any CPU.ActiveCfg = Debug|Any CPU
		{26B69D29-54A6-4617-A9F9-657C32F9FCF1}.Debug|Any CPU.Build.0 = Debug|Any CPU
		{26B69D29-54A6-4617-A9F9-657C32F9FCF1}.Release|Any CPU.ActiveCfg = Release|Any CPU
		{26B69D29-54A6-4617-A9F9-657C32F9FCF1}.Release|Any CPU.Build.0 = Release|Any CPU
		{8C8B22B0-288C-4CA0-A85B-EA5F21A62A92}.Debug|Any CPU.ActiveCfg = Debug|Any CPU
		{8C8B22B0-288C-4CA0-A85B-EA5F21A62A92}.Debug|Any CPU.Build.0 = Debug|Any CPU
		{8C8B22B0-288C-4CA0-A85B-EA5F21A62A92}.Release|Any CPU.ActiveCfg = Release|Any CPU
		{8C8B22B0-288C-4CA0-A85B-EA5F21A62A92}.Release|Any CPU.Build.0 = Release|Any CPU
		{8ABA4B60-327E-4DF2-A59D-A589CAD371F4}.Debug|Any CPU.ActiveCfg = Debug|Any CPU
		{8ABA4B60-327E-4DF2-A59D-A589CAD371F4}.Debug|Any CPU.Build.0 = Debug|Any CPU
		{8ABA4B60-327E-4DF2-A59D-A589CAD371F4}.Release|Any CPU.ActiveCfg = Release|Any CPU
		{8ABA4B60-327E-4DF2-A59D-A589CAD371F4}.Release|Any CPU.Build.0 = Release|Any CPU
		{7FA774E9-38BA-4F59-B8A7-F89614B3276D}.Debug|Any CPU.ActiveCfg = Debug|Any CPU
		{7FA774E9-38BA-4F59-B8A7-F89614B3276D}.Debug|Any CPU.Build.0 = Debug|Any CPU
		{7FA774E9-38BA-4F59-B8A7-F89614B3276D}.Release|Any CPU.ActiveCfg = Release|Any CPU
		{7FA774E9-38BA-4F59-B8A7-F89614B3276D}.Release|Any CPU.Build.0 = Release|Any CPU
		{190E5722-3A65-4473-B0C0-B294BFFA0392}.Debug|Any CPU.ActiveCfg = Debug|Any CPU
		{190E5722-3A65-4473-B0C0-B294BFFA0392}.Debug|Any CPU.Build.0 = Debug|Any CPU
		{190E5722-3A65-4473-B0C0-B294BFFA0392}.Release|Any CPU.ActiveCfg = Release|Any CPU
		{190E5722-3A65-4473-B0C0-B294BFFA0392}.Release|Any CPU.Build.0 = Release|Any CPU
		{FC767CF6-2FD3-4CEB-8559-AA4EDCDC234C}.Debug|Any CPU.ActiveCfg = Debug|Any CPU
		{FC767CF6-2FD3-4CEB-8559-AA4EDCDC234C}.Debug|Any CPU.Build.0 = Debug|Any CPU
		{FC767CF6-2FD3-4CEB-8559-AA4EDCDC234C}.Release|Any CPU.ActiveCfg = Release|Any CPU
		{FC767CF6-2FD3-4CEB-8559-AA4EDCDC234C}.Release|Any CPU.Build.0 = Release|Any CPU
	EndGlobalSection
	GlobalSection(SolutionProperties) = preSolution
		HideSolutionNode = FALSE
	EndGlobalSection
EndGlobal
